
Microsoft Visual Studio Solution File, Format Version 12.00
# Visual Studio Version 16
VisualStudioVersion = 16.0.29418.71
MinimumVisualStudioVersion = 10.0.40219.1
Project("{FAE04EC0-301F-11D3-BF4B-00C04F79EFBC}") = "Group Spotify Architect", "Group Spotify Architect\Group Spotify Architect.csproj", "{978ABE4F-AA2B-4443-BE41-39196A58868E}"
EndProject
Global
	GlobalSection(SolutionConfigurationPlatforms) = preSolution
		Debug|Any CPU = Debug|Any CPU
		Release|Any CPU = Release|Any CPU
	EndGlobalSection
	GlobalSection(ProjectConfigurationPlatforms) = postSolution
		{978ABE4F-AA2B-4443-BE41-39196A58868E}.Debug|Any CPU.ActiveCfg = Debug|Any CPU
		{978ABE4F-AA2B-4443-BE41-39196A58868E}.Debug|Any CPU.Build.0 = Debug|Any CPU
		{978ABE4F-AA2B-4443-BE41-39196A58868E}.Release|Any CPU.ActiveCfg = Release|Any CPU
		{978ABE4F-AA2B-4443-BE41-39196A58868E}.Release|Any CPU.Build.0 = Release|Any CPU
	EndGlobalSection
	GlobalSection(SolutionProperties) = preSolution
		HideSolutionNode = FALSE
	EndGlobalSection
	GlobalSection(ExtensibilityGlobals) = postSolution
		SolutionGuid = {56F3BEE1-CB99-42C4-9492-CE6518EE2A6B}
	EndGlobalSection
EndGlobal
